
Microsoft Visual Studio Solution File, Format Version 12.00
# Visual Studio Version 16
VisualStudioVersion = 16.0.32002.261
MinimumVisualStudioVersion = 10.0.40219.1
Project("{9A19103F-16F7-4668-BE54-9A1E7A4F7556}") = "ActorSpawnerFinder", "ActorSpawnerFinder\ActorSpawnerFinder.csproj", "{BB5CCD74-297B-4F45-AF31-7E2C5368D8DA}"
EndProject
Project("{9A19103F-16F7-4668-BE54-9A1E7A4F7556}") = "UAssetAPI", "UAssetAPI\UAssetAPI.csproj", "{178417EC-1177-413E-BE85-C83AECD64279}"
EndProject
Global
	GlobalSection(SolutionConfigurationPlatforms) = preSolution
		Debug Verbose|Any CPU = Debug Verbose|Any CPU
		Debug|Any CPU = Debug|Any CPU
		Release|Any CPU = Release|Any CPU
	EndGlobalSection
	GlobalSection(ProjectConfigurationPlatforms) = postSolution
		{BB5CCD74-297B-4F45-AF31-7E2C5368D8DA}.Debug Verbose|Any CPU.ActiveCfg = Debug|Any CPU
		{BB5CCD74-297B-4F45-AF31-7E2C5368D8DA}.Debug Verbose|Any CPU.Build.0 = Debug|Any CPU
		{BB5CCD74-297B-4F45-AF31-7E2C5368D8DA}.Debug|Any CPU.ActiveCfg = Debug|Any CPU
		{BB5CCD74-297B-4F45-AF31-7E2C5368D8DA}.Debug|Any CPU.Build.0 = Debug|Any CPU
		{BB5CCD74-297B-4F45-AF31-7E2C5368D8DA}.Release|Any CPU.ActiveCfg = Release|Any CPU
		{BB5CCD74-297B-4F45-AF31-7E2C5368D8DA}.Release|Any CPU.Build.0 = Release|Any CPU
		{178417EC-1177-413E-BE85-C83AECD64279}.Debug Verbose|Any CPU.ActiveCfg = Debug Verbose|Any CPU
		{178417EC-1177-413E-BE85-C83AECD64279}.Debug Verbose|Any CPU.Build.0 = Debug Verbose|Any CPU
		{178417EC-1177-413E-BE85-C83AECD64279}.Debug|Any CPU.ActiveCfg = Debug|Any CPU
		{178417EC-1177-413E-BE85-C83AECD64279}.Debug|Any CPU.Build.0 = Debug|Any CPU
		{178417EC-1177-413E-BE85-C83AECD64279}.Release|Any CPU.ActiveCfg = Release|Any CPU
		{178417EC-1177-413E-BE85-C83AECD64279}.Release|Any CPU.Build.0 = Release|Any CPU
	EndGlobalSection
	GlobalSection(SolutionProperties) = preSolution
		HideSolutionNode = FALSE
	EndGlobalSection
	GlobalSection(ExtensibilityGlobals) = postSolution
		SolutionGuid = {3E70EBEF-E4A1-4565-AF0D-70215C83D848}
	EndGlobalSection
EndGlobal
